
Microsoft Visual Studio Solution File, Format Version 12.00
# Visual Studio Version 17
VisualStudioVersion = 17.10.34804.81
MinimumVisualStudioVersion = 10.0.40219.1
Project("{FAE04EC0-301F-11D3-BF4B-00C04F79EFBC}") = "DataReceiver.Main", "DataReceiver.Main\DataReceiver.Main.csproj", "{32F3D02B-3DBB-4AE3-A654-7696CD858B3D}"
EndProject
Global
	GlobalSection(SolutionConfigurationPlatforms) = preSolution
		Debug|Any CPU = Debug|Any CPU
		Release|Any CPU = Release|Any CPU
	EndGlobalSection
	GlobalSection(ProjectConfigurationPlatforms) = postSolution
		{32F3D02B-3DBB-4AE3-A654-7696CD858B3D}.Debug|Any CPU.ActiveCfg = Debug|Any CPU
		{32F3D02B-3DBB-4AE3-A654-7696CD858B3D}.Debug|Any CPU.Build.0 = Debug|Any CPU
		{32F3D02B-3DBB-4AE3-A654-7696CD858B3D}.Release|Any CPU.ActiveCfg = Release|Any CPU
		{32F3D02B-3DBB-4AE3-A654-7696CD858B3D}.Release|Any CPU.Build.0 = Release|Any CPU
	EndGlobalSection
	GlobalSection(SolutionProperties) = preSolution
		HideSolutionNode = FALSE
	EndGlobalSection
	GlobalSection(ExtensibilityGlobals) = postSolution
		SolutionGuid = {01BAE47B-9C55-4630-975B-1C7E246613B5}
	EndGlobalSection
EndGlobal
