
Microsoft Visual Studio Solution File, Format Version 12.00
# Visual Studio 15
VisualStudioVersion = 15.0.26730.15
MinimumVisualStudioVersion = 10.0.40219.1
Project("{FAE04EC0-301F-11D3-BF4B-00C04F79EFBC}") = "KeepAlive.Reciever", "KeepAlive.Reciever\KeepAlive.Reciever.csproj", "{42411234-D824-4F0E-81FB-D61E87580A11}"
EndProject
Global
	GlobalSection(SolutionConfigurationPlatforms) = preSolution
		Debug|Any CPU = Debug|Any CPU
		Release|Any CPU = Release|Any CPU
	EndGlobalSection
	GlobalSection(ProjectConfigurationPlatforms) = postSolution
		{42411234-D824-4F0E-81FB-D61E87580A11}.Debug|Any CPU.ActiveCfg = Debug|Any CPU
		{42411234-D824-4F0E-81FB-D61E87580A11}.Debug|Any CPU.Build.0 = Debug|Any CPU
		{42411234-D824-4F0E-81FB-D61E87580A11}.Release|Any CPU.ActiveCfg = Release|Any CPU
		{42411234-D824-4F0E-81FB-D61E87580A11}.Release|Any CPU.Build.0 = Release|Any CPU
	EndGlobalSection
	GlobalSection(SolutionProperties) = preSolution
		HideSolutionNode = FALSE
	EndGlobalSection
	GlobalSection(ExtensibilityGlobals) = postSolution
		SolutionGuid = {C2F88CF5-4A1F-4E09-961D-6B9B7FE08B63}
	EndGlobalSection
EndGlobal
