
Microsoft Visual Studio Solution File, Format Version 12.00
# Visual Studio Version 17
VisualStudioVersion = 17.10.34804.81
MinimumVisualStudioVersion = 10.0.40219.1
Project("{FAE04EC0-301F-11D3-BF4B-00C04F79EFBC}") = "KeepAlive.Sender", "KeepAlive.Sender\KeepAlive.Sender.csproj", "{31795C34-A28E-4A05-9622-D4D3BF52BAEA}"
EndProject
Global
	GlobalSection(SolutionConfigurationPlatforms) = preSolution
		Debug|Any CPU = Debug|Any CPU
		Release|Any CPU = Release|Any CPU
	EndGlobalSection
	GlobalSection(ProjectConfigurationPlatforms) = postSolution
		{31795C34-A28E-4A05-9622-D4D3BF52BAEA}.Debug|Any CPU.ActiveCfg = Debug|Any CPU
		{31795C34-A28E-4A05-9622-D4D3BF52BAEA}.Debug|Any CPU.Build.0 = Debug|Any CPU
		{31795C34-A28E-4A05-9622-D4D3BF52BAEA}.Release|Any CPU.ActiveCfg = Release|Any CPU
		{31795C34-A28E-4A05-9622-D4D3BF52BAEA}.Release|Any CPU.Build.0 = Release|Any CPU
	EndGlobalSection
	GlobalSection(SolutionProperties) = preSolution
		HideSolutionNode = FALSE
	EndGlobalSection
	GlobalSection(ExtensibilityGlobals) = postSolution
		SolutionGuid = {A482FA56-564C-4479-9630-B570C03C75DC}
	EndGlobalSection
EndGlobal
