
Microsoft Visual Studio Solution File, Format Version 12.00
# Visual Studio 15
VisualStudioVersion = 15.0.26730.12
MinimumVisualStudioVersion = 10.0.40219.1
Project("{FAE04EC0-301F-11D3-BF4B-00C04F79EFBC}") = "DataPipe.Main", "DataPipe.Main\DataPipe.Main.csproj", "{F3B3F944-A2E1-45F5-B2E2-BC4CFA1DD34E}"
EndProject
Global
	GlobalSection(SolutionConfigurationPlatforms) = preSolution
		Debug|Any CPU = Debug|Any CPU
		Release|Any CPU = Release|Any CPU
	EndGlobalSection
	GlobalSection(ProjectConfigurationPlatforms) = postSolution
		{F3B3F944-A2E1-45F5-B2E2-BC4CFA1DD34E}.Debug|Any CPU.ActiveCfg = Debug|Any CPU
		{F3B3F944-A2E1-45F5-B2E2-BC4CFA1DD34E}.Debug|Any CPU.Build.0 = Debug|Any CPU
		{F3B3F944-A2E1-45F5-B2E2-BC4CFA1DD34E}.Release|Any CPU.ActiveCfg = Release|Any CPU
		{F3B3F944-A2E1-45F5-B2E2-BC4CFA1DD34E}.Release|Any CPU.Build.0 = Release|Any CPU
	EndGlobalSection
	GlobalSection(SolutionProperties) = preSolution
		HideSolutionNode = FALSE
	EndGlobalSection
	GlobalSection(ExtensibilityGlobals) = postSolution
		SolutionGuid = {30A64CF1-C825-4227-A0B6-0C589507F4FC}
	EndGlobalSection
EndGlobal
